
Microsoft Visual Studio Solution File, Format Version 12.00
# Visual Studio Version 17
VisualStudioVersion = 17.7.34221.43
MinimumVisualStudioVersion = 10.0.40219.1
Project("{FAE04EC0-301F-11D3-BF4B-00C04F79EFBC}") = "WebSubmit", "WebSubmit\WebSubmit.csproj", "{A990F2B6-670B-4063-9D12-09F0C26C4F4E}"
EndProject
Global
	GlobalSection(SolutionConfigurationPlatforms) = preSolution
		Debug|Any CPU = Debug|Any CPU
		Release|Any CPU = Release|Any CPU
	EndGlobalSection
	GlobalSection(ProjectConfigurationPlatforms) = postSolution
		{A990F2B6-670B-4063-9D12-09F0C26C4F4E}.Debug|Any CPU.ActiveCfg = Debug|Any CPU
		{A990F2B6-670B-4063-9D12-09F0C26C4F4E}.Debug|Any CPU.Build.0 = Debug|Any CPU
		{A990F2B6-670B-4063-9D12-09F0C26C4F4E}.Release|Any CPU.ActiveCfg = Release|Any CPU
		{A990F2B6-670B-4063-9D12-09F0C26C4F4E}.Release|Any CPU.Build.0 = Release|Any CPU
	EndGlobalSection
	GlobalSection(SolutionProperties) = preSolution
		HideSolutionNode = FALSE
	EndGlobalSection
	GlobalSection(ExtensibilityGlobals) = postSolution
		SolutionGuid = {ED700D04-EEEF-45EF-9F12-1161F0C73DC4}
	EndGlobalSection
EndGlobal
